
Microsoft Visual Studio Solution File, Format Version 12.00
# Visual Studio Version 17
VisualStudioVersion = 17.7.34009.444
MinimumVisualStudioVersion = 10.0.40219.1
Project("{FAE04EC0-301F-11D3-BF4B-00C04F79EFBC}") = "PictureMatching", "PictureMatching\PictureMatching.csproj", "{CFBA29B9-33A0-45C2-AB79-D2C014216822}"
EndProject
Global
	GlobalSection(SolutionConfigurationPlatforms) = preSolution
		Debug|Any CPU = Debug|Any CPU
		Release|Any CPU = Release|Any CPU
	EndGlobalSection
	GlobalSection(ProjectConfigurationPlatforms) = postSolution
		{CFBA29B9-33A0-45C2-AB79-D2C014216822}.Debug|Any CPU.ActiveCfg = Debug|Any CPU
		{CFBA29B9-33A0-45C2-AB79-D2C014216822}.Debug|Any CPU.Build.0 = Debug|Any CPU
		{CFBA29B9-33A0-45C2-AB79-D2C014216822}.Release|Any CPU.ActiveCfg = Release|Any CPU
		{CFBA29B9-33A0-45C2-AB79-D2C014216822}.Release|Any CPU.Build.0 = Release|Any CPU
	EndGlobalSection
	GlobalSection(SolutionProperties) = preSolution
		HideSolutionNode = FALSE
	EndGlobalSection
	GlobalSection(ExtensibilityGlobals) = postSolution
		SolutionGuid = {EA0C440E-0AFD-4565-AAD2-C0CBF5272F58}
	EndGlobalSection
EndGlobal
