
Microsoft Visual Studio Solution File, Format Version 12.00
# Visual Studio Version 17
VisualStudioVersion = 17.7.34009.444
MinimumVisualStudioVersion = 10.0.40219.1
Project("{FAE04EC0-301F-11D3-BF4B-00C04F79EFBC}") = "SpawnObjectsRandomly", "SpawnObjectsRandomly\SpawnObjectsRandomly.csproj", "{12D2D8ED-7CF0-4BC1-B7DA-719B9CFDCBFA}"
EndProject
Global
	GlobalSection(SolutionConfigurationPlatforms) = preSolution
		Debug|Any CPU = Debug|Any CPU
		Release|Any CPU = Release|Any CPU
	EndGlobalSection
	GlobalSection(ProjectConfigurationPlatforms) = postSolution
		{12D2D8ED-7CF0-4BC1-B7DA-719B9CFDCBFA}.Debug|Any CPU.ActiveCfg = Debug|Any CPU
		{12D2D8ED-7CF0-4BC1-B7DA-719B9CFDCBFA}.Debug|Any CPU.Build.0 = Debug|Any CPU
		{12D2D8ED-7CF0-4BC1-B7DA-719B9CFDCBFA}.Release|Any CPU.ActiveCfg = Release|Any CPU
		{12D2D8ED-7CF0-4BC1-B7DA-719B9CFDCBFA}.Release|Any CPU.Build.0 = Release|Any CPU
	EndGlobalSection
	GlobalSection(SolutionProperties) = preSolution
		HideSolutionNode = FALSE
	EndGlobalSection
	GlobalSection(ExtensibilityGlobals) = postSolution
		SolutionGuid = {EF9F5BFE-BBE6-4FD3-8ED7-86DF3C70B213}
	EndGlobalSection
EndGlobal
