
Microsoft Visual Studio Solution File, Format Version 12.00
# Visual Studio Version 17
VisualStudioVersion = 17.7.34009.444
MinimumVisualStudioVersion = 10.0.40219.1
Project("{FAE04EC0-301F-11D3-BF4B-00C04F79EFBC}") = "HelicopterShooting", "HelicopterShooting\HelicopterShooting.csproj", "{78EEBA0D-32C7-45B6-97ED-7582984F39AF}"
EndProject
Global
	GlobalSection(SolutionConfigurationPlatforms) = preSolution
		Debug|Any CPU = Debug|Any CPU
		Release|Any CPU = Release|Any CPU
	EndGlobalSection
	GlobalSection(ProjectConfigurationPlatforms) = postSolution
		{78EEBA0D-32C7-45B6-97ED-7582984F39AF}.Debug|Any CPU.ActiveCfg = Debug|Any CPU
		{78EEBA0D-32C7-45B6-97ED-7582984F39AF}.Debug|Any CPU.Build.0 = Debug|Any CPU
		{78EEBA0D-32C7-45B6-97ED-7582984F39AF}.Release|Any CPU.ActiveCfg = Release|Any CPU
		{78EEBA0D-32C7-45B6-97ED-7582984F39AF}.Release|Any CPU.Build.0 = Release|Any CPU
	EndGlobalSection
	GlobalSection(SolutionProperties) = preSolution
		HideSolutionNode = FALSE
	EndGlobalSection
	GlobalSection(ExtensibilityGlobals) = postSolution
		SolutionGuid = {46A95353-E9AA-45CD-837D-36FD6B3C5353}
	EndGlobalSection
EndGlobal
